
Microsoft Visual Studio Solution File, Format Version 12.00
# Visual Studio Version 17
VisualStudioVersion = 17.11.35303.130
MinimumVisualStudioVersion = 10.0.40219.1
Project("{FAE04EC0-301F-11D3-BF4B-00C04F79EFBC}") = "work_2024091302", "work_2024091302.csproj", "{84A7CBD4-E89B-442B-BEDB-DBEBE79B6BEC}"
EndProject
Global
	GlobalSection(SolutionConfigurationPlatforms) = preSolution
		Debug|Any CPU = Debug|Any CPU
		Release|Any CPU = Release|Any CPU
	EndGlobalSection
	GlobalSection(ProjectConfigurationPlatforms) = postSolution
		{84A7CBD4-E89B-442B-BEDB-DBEBE79B6BEC}.Debug|Any CPU.ActiveCfg = Debug|Any CPU
		{84A7CBD4-E89B-442B-BEDB-DBEBE79B6BEC}.Debug|Any CPU.Build.0 = Debug|Any CPU
		{84A7CBD4-E89B-442B-BEDB-DBEBE79B6BEC}.Release|Any CPU.ActiveCfg = Release|Any CPU
		{84A7CBD4-E89B-442B-BEDB-DBEBE79B6BEC}.Release|Any CPU.Build.0 = Release|Any CPU
	EndGlobalSection
	GlobalSection(SolutionProperties) = preSolution
		HideSolutionNode = FALSE
	EndGlobalSection
	GlobalSection(ExtensibilityGlobals) = postSolution
		SolutionGuid = {A364DAC9-916E-41FF-82F3-58E4703630DA}
	EndGlobalSection
EndGlobal
