
Microsoft Visual Studio Solution File, Format Version 12.00
# Visual Studio Version 17
VisualStudioVersion = 17.11.35303.130
MinimumVisualStudioVersion = 10.0.40219.1
Project("{FAE04EC0-301F-11D3-BF4B-00C04F79EFBC}") = "work_20240913", "work_20240913.csproj", "{3BE753D7-63DD-4C3C-901C-EB2492C7EFE7}"
EndProject
Global
	GlobalSection(SolutionConfigurationPlatforms) = preSolution
		Debug|Any CPU = Debug|Any CPU
		Release|Any CPU = Release|Any CPU
	EndGlobalSection
	GlobalSection(ProjectConfigurationPlatforms) = postSolution
		{3BE753D7-63DD-4C3C-901C-EB2492C7EFE7}.Debug|Any CPU.ActiveCfg = Debug|Any CPU
		{3BE753D7-63DD-4C3C-901C-EB2492C7EFE7}.Debug|Any CPU.Build.0 = Debug|Any CPU
		{3BE753D7-63DD-4C3C-901C-EB2492C7EFE7}.Release|Any CPU.ActiveCfg = Release|Any CPU
		{3BE753D7-63DD-4C3C-901C-EB2492C7EFE7}.Release|Any CPU.Build.0 = Release|Any CPU
	EndGlobalSection
	GlobalSection(SolutionProperties) = preSolution
		HideSolutionNode = FALSE
	EndGlobalSection
	GlobalSection(ExtensibilityGlobals) = postSolution
		SolutionGuid = {786B944B-816A-42F5-A323-C1BBBD67F4C2}
	EndGlobalSection
EndGlobal
